{
    "_readme": [
        "This file locks the dependencies of your project to a known state",
        "Read more about it at https://getcomposer.org/doc/01-basic-usage.md#installing-dependencies",
        "This file is @generated automatically"
    ],
    "content-hash": "42c3f1ced6d9b12cd08a192e9161bf3e",
    "packages": [
        {
            "name": "tinybutstrong/tinybutstrong",
            "version": "v3.14.0",
            "source": {
                "type": "git",
                "url": "https://github.com/Skrol29/tinybutstrong.git",
                "reference": "3fd7b9a7c4a23993a401d24dc3eeae0174132ffa"
            },
            "dist": {
                "type": "zip",
                "url": "https://api.github.com/repos/Skrol29/tinybutstrong/zipball/3fd7b9a7c4a23993a401d24dc3eeae0174132ffa",
                "reference": "3fd7b9a7c4a23993a401d24dc3eeae0174132ffa",
                "shasum": ""
            },
            "require": {
                "php": ">=5.0"
            },
            "type": "library",
            "autoload": {
                "classmap": [
                    "tbs_class.php"
                ]
            },
            "notification-url": "https://packagist.org/downloads/",
            "license": [
                "LGPL-3.0-only"
            ],
            "authors": [
                {
                    "name": "Skrol29",
                    "email": "skrol29dev@gmail.com"
                }
            ],
            "description": "Template Engine for Pro and Beginners ",
            "homepage": "http://www.tinybutstrong.com",
            "keywords": [
                "templating"
            ],
            "support": {
                "issues": "https://github.com/Skrol29/tinybutstrong/issues",
                "source": "https://github.com/Skrol29/tinybutstrong/tree/v3.14.0"
            },
            "time": "2022-09-25T22:52:20+00:00"
        }
    ],
    "packages-dev": [],
    "aliases": [],
    "minimum-stability": "stable",
    "stability-flags": [],
    "prefer-stable": false,
    "prefer-lowest": false,
    "platform": {
        "php": ">=5.0"
    },
    "platform-dev": [],
    "plugin-api-version": "2.3.0"
}
